
Microsoft Visual Studio Solution File, Format Version 12.00
# Visual Studio Version 17
VisualStudioVersion = 17.6.33723.286
MinimumVisualStudioVersion = 10.0.40219.1
Project("{FAE04EC0-301F-11D3-BF4B-00C04F79EFBC}") = "ReplaceSwithUsingStrategyPattern", "ReplaceSwithUsingStrategyPattern.csproj", "{61B72A29-A15A-4054-818E-EDE5D86DAB39}"
EndProject
Global
	GlobalSection(SolutionConfigurationPlatforms) = preSolution
		Debug|Any CPU = Debug|Any CPU
		Release|Any CPU = Release|Any CPU
	EndGlobalSection
	GlobalSection(ProjectConfigurationPlatforms) = postSolution
		{61B72A29-A15A-4054-818E-EDE5D86DAB39}.Debug|Any CPU.ActiveCfg = Debug|Any CPU
		{61B72A29-A15A-4054-818E-EDE5D86DAB39}.Debug|Any CPU.Build.0 = Debug|Any CPU
		{61B72A29-A15A-4054-818E-EDE5D86DAB39}.Release|Any CPU.ActiveCfg = Release|Any CPU
		{61B72A29-A15A-4054-818E-EDE5D86DAB39}.Release|Any CPU.Build.0 = Release|Any CPU
	EndGlobalSection
	GlobalSection(SolutionProperties) = preSolution
		HideSolutionNode = FALSE
	EndGlobalSection
	GlobalSection(ExtensibilityGlobals) = postSolution
		SolutionGuid = {73214F08-5E52-49F7-9611-E97D9F9604FB}
	EndGlobalSection
EndGlobal
